// !$*UTF8*$!
{
	archiveVersion = 1;
	classes = {
	};
	objectVersion = 56;
	objects = {

/* Begin PBXBuildFile section */
		46757EEB29DF3DA8004C9894 /* AppDelegate.swift in Sources */ = {isa = PBXBuildFile; fileRef = 46757EEA29DF3DA8004C9894 /* AppDelegate.swift */; };
		46757EED29DF3DA8004C9894 /* SceneDelegate.swift in Sources */ = {isa = PBXBuildFile; fileRef = 46757EEC29DF3DA8004C9894 /* SceneDelegate.swift */; };
		46757EEF29DF3DA8004C9894 /* WeatherViewController.swift in Sources */ = {isa = PBXBuildFile; fileRef = 46757EEE29DF3DA8004C9894 /* WeatherViewController.swift */; };
		46757EF229DF3DA8004C9894 /* Main.storyboard in Resources */ = {isa = PBXBuildFile; fileRef = 46757EF029DF3DA8004C9894 /* Main.storyboard */; };
		46757EF529DF3DA8004C9894 /* MeteoStoryboead.xcdatamodeld in Sources */ = {isa = PBXBuildFile; fileRef = 46757EF329DF3DA8004C9894 /* MeteoStoryboead.xcdatamodeld */; };
		46757EF729DF3DAB004C9894 /* Assets.xcassets in Resources */ = {isa = PBXBuildFile; fileRef = 46757EF629DF3DAB004C9894 /* Assets.xcassets */; };
		46757EFA29DF3DAB004C9894 /* LaunchScreen.storyboard in Resources */ = {isa = PBXBuildFile; fileRef = 46757EF829DF3DAB004C9894 /* LaunchScreen.storyboard */; };
/* End PBXBuildFile section */

/* Begin PBXFileReference section */
		46757EE729DF3DA8004C9894 /* MeteoStoryboead.app */ = {isa = PBXFileReference; explicitFileType = wrapper.application; includeInIndex = 0; path = MeteoStoryboead.app; sourceTree = BUILT_PRODUCTS_DIR; };
		46757EEA29DF3DA8004C9894 /* AppDelegate.swift */ = {isa = PBXFileReference; lastKnownFileType = sourcecode.swift; path = AppDelegate.swift; sourceTree = "<group>"; };
		46757EEC29DF3DA8004C9894 /* SceneDelegate.swift */ = {isa = PBXFileReference; lastKnownFileType = sourcecode.swift; path = SceneDelegate.swift; sourceTree = "<group>"; };
		46757EEE29DF3DA8004C9894 /* WeatherViewController.swift */ = {isa = PBXFileReference; lastKnownFileType = sourcecode.swift; path = WeatherViewController.swift; sourceTree = "<group>"; };
		46757EF129DF3DA8004C9894 /* Base */ = {isa = PBXFileReference; lastKnownFileType = file.storyboard; name = Base; path = Base.lproj/Main.storyboard; sourceTree = "<group>"; };
		46757EF429DF3DA8004C9894 /* MeteoStoryboead.xcdatamodel */ = {isa = PBXFileReference; lastKnownFileType = wrapper.xcdatamodel; path = MeteoStoryboead.xcdatamodel; sourceTree = "<group>"; };
		46757EF629DF3DAB004C9894 /* Assets.xcassets */ = {isa = PBXFileReference; lastKnownFileType = folder.assetcatalog; path = Assets.xcassets; sourceTree = "<group>"; };
		46757EF929DF3DAB004C9894 /* Base */ = {isa = PBXFileReference; lastKnownFileType = file.storyboard; name = Base; path = Base.lproj/LaunchScreen.storyboard; sourceTree = "<group>"; };
		46757EFB29DF3DAB004C9894 /* Info.plist */ = {isa = PBXFileReference; lastKnownFileType = text.plist.xml; path = Info.plist; sourceTree = "<group>"; };
/* End PBXFileReference section */

/* Begin PBXFrameworksBuildPhase section */
		46757EE429DF3DA8004C9894 /* Frameworks */ = {
			isa = PBXFrameworksBuildPhase;
			buildActionMask = 2147483647;
			files = (
			);
			runOnlyForDeploymentPostprocessing = 0;
		};
/* End PBXFrameworksBuildPhase section */

/* Begin PBXGroup section */
		46757EDE29DF3DA8004C9894 = {
			isa = PBXGroup;
			children = (
				46757EE929DF3DA8004C9894 /* MeteoStoryboead */,
				46757EE829DF3DA8004C9894 /* Products */,
			);
			sourceTree = "<group>";
		};
		46757EE829DF3DA8004C9894 /* Products */ = {
			isa = PBXGroup;
			children = (
				46757EE729DF3DA8004C9894 /* MeteoStoryboead.app */,
			);
			name = Products;
			sourceTree = "<group>";
		};
		46757EE929DF3DA8004C9894 /* MeteoStoryboead */ = {
			isa = PBXGroup;
			children = (
				46757EEA29DF3DA8004C9894 /* AppDelegate.swift */,
				46757EEC29DF3DA8004C9894 /* SceneDelegate.swift */,
				46757EEE29DF3DA8004C9894 /* WeatherViewController.swift */,
				46757EF029DF3DA8004C9894 /* Main.storyboard */,
				46757EF629DF3DAB004C9894 /* Assets.xcassets */,
				46757EF829DF3DAB004C9894 /* LaunchScreen.storyboard */,
				46757EFB29DF3DAB004C9894 /* Info.plist */,
				46757EF329DF3DA8004C9894 /* MeteoStoryboead.xcdatamodeld */,
			);
			path = MeteoStoryboead;
			sourceTree = "<group>";
		};
/* End PBXGroup section */

/* Begin PBXNativeTarget section */
		46757EE629DF3DA8004C9894 /* MeteoStoryboead */ = {
			isa = PBXNativeTarget;
			buildConfigurationList = 46757EFE29DF3DAB004C9894 /* Build configuration list for PBXNativeTarget "MeteoStoryboead" */;
			buildPhases = (
				46757EE329DF3DA8004C9894 /* Sources */,
				46757EE429DF3DA8004C9894 /* Frameworks */,
				46757EE529DF3DA8004C9894 /* Resources */,
			);
			buildRules = (
			);
			dependencies = (
			);
			name = MeteoStoryboead;
			productName = MeteoStoryboead;
			productReference = 46757EE729DF3DA8004C9894 /* MeteoStoryboead.app */;
			productType = "com.apple.product-type.application";
		};
/* End PBXNativeTarget section */

/* Begin PBXProject section */
		46757EDF29DF3DA8004C9894 /* Project object */ = {
			isa = PBXProject;
			attributes = {
				BuildIndependentTargetsInParallel = 1;
				LastSwiftUpdateCheck = 1430;
				LastUpgradeCheck = 1430;
				TargetAttributes = {
					46757EE629DF3DA8004C9894 = {
						CreatedOnToolsVersion = 14.3;
					};
				};
			};
			buildConfigurationList = 46757EE229DF3DA8004C9894 /* Build configuration list for PBXProject "MeteoStoryboead" */;
			compatibilityVersion = "Xcode 14.0";
			developmentRegion = en;
			hasScannedForEncodings = 0;
			knownRegions = (
				en,
				Base,
			);
			mainGroup = 46757EDE29DF3DA8004C9894;
			productRefGroup = 46757EE829DF3DA8004C9894 /* Products */;
			projectDirPath = "";
			projectRoot = "";
			targets = (
				46757EE629DF3DA8004C9894 /* MeteoStoryboead */,
			);
		};
/* End PBXProject section */

/* Begin PBXResourcesBuildPhase section */
		46757EE529DF3DA8004C9894 /* Resources */ = {
			isa = PBXResourcesBuildPhase;
			buildActionMask = 2147483647;
			files = (
				46757EFA29DF3DAB004C9894 /* LaunchScreen.storyboard in Resources */,
				46757EF729DF3DAB004C9894 /* Assets.xcassets in Resources */,
				46757EF229DF3DA8004C9894 /* Main.storyboard in Resources */,
			);
			runOnlyForDeploymentPostprocessing = 0;
		};
/* End PBXResourcesBuildPhase section */

/* Begin PBXSourcesBuildPhase section */
		46757EE329DF3DA8004C9894 /* Sources */ = {
			isa = PBXSourcesBuildPhase;
			buildActionMask = 2147483647;
			files = (
				46757EEF29DF3DA8004C9894 /* WeatherViewController.swift in Sources */,
				46757EEB29DF3DA8004C9894 /* AppDelegate.swift in Sources */,
				46757EF529DF3DA8004C9894 /* MeteoStoryboead.xcdatamodeld in Sources */,
				46757EED29DF3DA8004C9894 /* SceneDelegate.swift in Sources */,
			);
			runOnlyForDeploymentPostprocessing = 0;
		};
/* End PBXSourcesBuildPhase section */

/* Begin PBXVariantGroup section */
		46757EF029DF3DA8004C9894 /* Main.storyboard */ = {
			isa = PBXVariantGroup;
			children = (
				46757EF129DF3DA8004C9894 /* Base */,
			);
			name = Main.storyboard;
			sourceTree = "<group>";
		};
		46757EF829DF3DAB004C9894 /* LaunchScreen.storyboard */ = {
			isa = PBXVariantGroup;
			children = (
				46757EF929DF3DAB004C9894 /* Base */,
			);
			name = LaunchScreen.storyboard;
			sourceTree = "<group>";
		};
/* End PBXVariantGroup section */

/* Begin XCBuildConfiguration section */
		46757EFC29DF3DAB004C9894 /* Debug */ = {
			isa = XCBuildConfiguration;
			buildSettings = {
				ALWAYS_SEARCH_USER_PATHS = NO;
				CLANG_ANALYZER_NONNULL = YES;
				CLANG_ANALYZER_NUMBER_OBJECT_CONVERSION = YES_AGGRESSIVE;
				CLANG_CXX_LANGUAGE_STANDARD = "gnu++20";
				CLANG_ENABLE_MODULES = YES;
				CLANG_ENABLE_OBJC_ARC = YES;
				CLANG_ENABLE_OBJC_WEAK = YES;
				CLANG_WARN_BLOCK_CAPTURE_AUTORELEASING = YES;
				CLANG_WARN_BOOL_CONVERSION = YES;
				CLANG_WARN_COMMA = YES;
				CLANG_WARN_CONSTANT_CONVERSION = YES;
				CLANG_WARN_DEPRECATED_OBJC_IMPLEMENTATIONS = YES;
				CLANG_WARN_DIRECT_OBJC_ISA_USAGE = YES_ERROR;
				CLANG_WARN_DOCUMENTATION_COMMENTS = YES;
				CLANG_WARN_EMPTY_BODY = YES;
				CLANG_WARN_ENUM_CONVERSION = YES;
				CLANG_WARN_INFINITE_RECURSION = YES;
				CLANG_WARN_INT_CONVERSION = YES;
				CLANG_WARN_NON_LITERAL_NULL_CONVERSION = YES;
				CLANG_WARN_OBJC_IMPLICIT_RETAIN_SELF = YES;
				CLANG_WARN_OBJC_LITERAL_CONVERSION = YES;
				CLANG_WARN_OBJC_ROOT_CLASS = YES_ERROR;
				CLANG_WARN_QUOTED_INCLUDE_IN_FRAMEWORK_HEADER = YES;
				CLANG_WARN_RANGE_LOOP_ANALYSIS = YES;
				CLANG_WARN_STRICT_PROTOTYPES = YES;
				CLANG_WARN_SUSPICIOUS_MOVE = YES;
				CLANG_WARN_UNGUARDED_AVAILABILITY = YES_AGGRESSIVE;
				CLANG_WARN_UNREACHABLE_CODE = YES;
				CLANG_WARN__DUPLICATE_METHOD_MATCH = YES;
				COPY_PHASE_STRIP = NO;
				DEBUG_INFORMATION_FORMAT = dwarf;
				ENABLE_STRICT_OBJC_MSGSEND = YES;
				ENABLE_TESTABILITY = YES;
				GCC_C_LANGUAGE_STANDARD = gnu11;
				GCC_DYNAMIC_NO_PIC = NO;
				GCC_NO_COMMON_BLOCKS = YES;
				GCC_OPTIMIZATION_LEVEL = 0;
				GCC_PREPROCESSOR_DEFINITIONS = (
					"DEBUG=1",
					"$(inherited)",
				);
				GCC_WARN_64_TO_32_BIT_CONVERSION = YES;
				GCC_WARN_ABOUT_RETURN_TYPE = YES_ERROR;
				GCC_WARN_UNDECLARED_SELECTOR = YES;
				GCC_WARN_UNINITIALIZED_AUTOS = YES_AGGRESSIVE;
				GCC_WARN_UNUSED_FUNCTION = YES;
				GCC_WARN_UNUSED_VARIABLE = YES;
				IPHONEOS_DEPLOYMENT_TARGET = 16.4;
				MTL_ENABLE_DEBUG_INFO = INCLUDE_SOURCE;
				MTL_FAST_MATH = YES;
				ONLY_ACTIVE_ARCH = YES;
				SDKROOT = iphoneos;
				SWIFT_ACTIVE_COMPILATION_CONDITIONS = DEBUG;
				SWIFT_OPTIMIZATION_LEVEL = "-Onone";
			};
			name = Debug;
		};
		46757EFD29DF3DAB004C9894 /* Release */ = {
			isa = XCBuildConfiguration;
			buildSettings = {
				ALWAYS_SEARCH_USER_PATHS = NO;
				CLANG_ANALYZER_NONNULL = YES;
				CLANG_ANALYZER_NUMBER_OBJECT_CONVERSION = YES_AGGRESSIVE;
				CLANG_CXX_LANGUAGE_STANDARD = "gnu++20";
				CLANG_ENABLE_MODULES = YES;
				CLANG_ENABLE_OBJC_ARC = YES;
				CLANG_ENABLE_OBJC_WEAK = YES;
				CLANG_WARN_BLOCK_CAPTURE_AUTORELEASING = YES;
				CLANG_WARN_BOOL_CONVERSION = YES;
				CLANG_WARN_COMMA = YES;
				CLANG_WARN_CONSTANT_CONVERSION = YES;
				CLANG_WARN_DEPRECATED_OBJC_IMPLEMENTATIONS = YES;
				CLANG_WARN_DIRECT_OBJC_ISA_USAGE = YES_ERROR;
				CLANG_WARN_DOCUMENTATION_COMMENTS = YES;
				CLANG_WARN_EMPTY_BODY = YES;
				CLANG_WARN_ENUM_CONVERSION = YES;
				CLANG_WARN_INFINITE_RECURSION = YES;
				CLANG_WARN_INT_CONVERSION = YES;
				CLANG_WARN_NON_LITERAL_NULL_CONVERSION = YES;
				CLANG_WARN_OBJC_IMPLICIT_RETAIN_SELF = YES;
				CLANG_WARN_OBJC_LITERAL_CONVERSION = YES;
				CLANG_WARN_OBJC_ROOT_CLASS = YES_ERROR;
				CLANG_WARN_QUOTED_INCLUDE_IN_FRAMEWORK_HEADER = YES;
				CLANG_WARN_RANGE_LOOP_ANALYSIS = YES;
				CLANG_WARN_STRICT_PROTOTYPES = YES;
				CLANG_WARN_SUSPICIOUS_MOVE = YES;
				CLANG_WARN_UNGUARDED_AVAILABILITY = YES_AGGRESSIVE;
				CLANG_WARN_UNREACHABLE_CODE = YES;
				CLANG_WARN__DUPLICATE_METHOD_MATCH = YES;
				COPY_PHASE_STRIP = NO;
				DEBUG_INFORMATION_FORMAT = "dwarf-with-dsym";
				ENABLE_NS_ASSERTIONS = NO;
				ENABLE_STRICT_OBJC_MSGSEND = YES;
				GCC_C_LANGUAGE_STANDARD = gnu11;
				GCC_NO_COMMON_BLOCKS = YES;
				GCC_WARN_64_TO_32_BIT_CONVERSION = YES;
				GCC_WARN_ABOUT_RETURN_TYPE = YES_ERROR;
				GCC_WARN_UNDECLARED_SELECTOR = YES;
				GCC_WARN_UNINITIALIZED_AUTOS = YES_AGGRESSIVE;
				GCC_WARN_UNUSED_FUNCTION = YES;
				GCC_WARN_UNUSED_VARIABLE = YES;
				IPHONEOS_DEPLOYMENT_TARGET = 16.4;
				MTL_ENABLE_DEBUG_INFO = NO;
				MTL_FAST_MATH = YES;
				SDKROOT = iphoneos;
				SWIFT_COMPILATION_MODE = wholemodule;
				SWIFT_OPTIMIZATION_LEVEL = "-O";
				VALIDATE_PRODUCT = YES;
			};
			name = Release;
		};
		46757EFF29DF3DAB004C9894 /* Debug */ = {
			isa = XCBuildConfiguration;
			buildSettings = {
				ASSETCATALOG_COMPILER_APPICON_NAME = AppIcon;
				ASSETCATALOG_COMPILER_GLOBAL_ACCENT_COLOR_NAME = AccentColor;
				CODE_SIGN_STYLE = Automatic;
				CURRENT_PROJECT_VERSION = 1;
				DEVELOPMENT_TEAM = 36QBTUSG6B;
				GENERATE_INFOPLIST_FILE = YES;
				INFOPLIST_FILE = MeteoStoryboead/Info.plist;
				INFOPLIST_KEY_UIApplicationSupportsIndirectInputEvents = YES;
				INFOPLIST_KEY_UILaunchStoryboardName = LaunchScreen;
				INFOPLIST_KEY_UIMainStoryboardFile = Main;
				INFOPLIST_KEY_UISupportedInterfaceOrientations_iPad = "UIInterfaceOrientationPortrait UIInterfaceOrientationPortraitUpsideDown UIInterfaceOrientationLandscapeLeft UIInterfaceOrientationLandscapeRight";
				INFOPLIST_KEY_UISupportedInterfaceOrientations_iPhone = "UIInterfaceOrientationPortrait UIInterfaceOrientationLandscapeLeft UIInterfaceOrientationLandscapeRight";
				LD_RUNPATH_SEARCH_PATHS = (
					"$(inherited)",
					"@executable_path/Frameworks",
				);
				MARKETING_VERSION = 1.0;
				PRODUCT_BUNDLE_IDENTIFIER = com.cerna.MeteoStoryboead;
				PRODUCT_NAME = "$(TARGET_NAME)";
				SWIFT_EMIT_LOC_STRINGS = YES;
				SWIFT_VERSION = 5.0;
				TARGETED_DEVICE_FAMILY = "1,2";
			};
			name = Debug;
		};
		46757F0029DF3DAB004C9894 /* Release */ = {
			isa = XCBuildConfiguration;
			buildSettings = {
				ASSETCATALOG_COMPILER_APPICON_NAME = AppIcon;
				ASSETCATALOG_COMPILER_GLOBAL_ACCENT_COLOR_NAME = AccentColor;
				CODE_SIGN_STYLE = Automatic;
				CURRENT_PROJECT_VERSION = 1;
				DEVELOPMENT_TEAM = 36QBTUSG6B;
				GENERATE_INFOPLIST_FILE = YES;
				INFOPLIST_FILE = MeteoStoryboead/Info.plist;
				INFOPLIST_KEY_UIApplicationSupportsIndirectInputEvents = YES;
				INFOPLIST_KEY_UILaunchStoryboardName = LaunchScreen;
				INFOPLIST_KEY_UIMainStoryboardFile = Main;
				INFOPLIST_KEY_UISupportedInterfaceOrientations_iPad = "UIInterfaceOrientationPortrait UIInterfaceOrientationPortraitUpsideDown UIInterfaceOrientationLandscapeLeft UIInterfaceOrientationLandscapeRight";
				INFOPLIST_KEY_UISupportedInterfaceOrientations_iPhone = "UIInterfaceOrientationPortrait UIInterfaceOrientationLandscapeLeft UIInterfaceOrientationLandscapeRight";
				LD_RUNPATH_SEARCH_PATHS = (
					"$(inherited)",
					"@executable_path/Frameworks",
				);
				MARKETING_VERSION = 1.0;
				PRODUCT_BUNDLE_IDENTIFIER = com.cerna.MeteoStoryboead;
				PRODUCT_NAME = "$(TARGET_NAME)";
				SWIFT_EMIT_LOC_STRINGS = YES;
				SWIFT_VERSION = 5.0;
				TARGETED_DEVICE_FAMILY = "1,2";
			};
			name = Release;
		};
/* End XCBuildConfiguration section */

/* Begin XCConfigurationList section */
		46757EE229DF3DA8004C9894 /* Build configuration list for PBXProject "MeteoStoryboead" */ = {
			isa = XCConfigurationList;
			buildConfigurations = (
				46757EFC29DF3DAB004C9894 /* Debug */,
				46757EFD29DF3DAB004C9894 /* Release */,
			);
			defaultConfigurationIsVisible = 0;
			defaultConfigurationName = Release;
		};
		46757EFE29DF3DAB004C9894 /* Build configuration list for PBXNativeTarget "MeteoStoryboead" */ = {
			isa = XCConfigurationList;
			buildConfigurations = (
				46757EFF29DF3DAB004C9894 /* Debug */,
				46757F0029DF3DAB004C9894 /* Release */,
			);
			defaultConfigurationIsVisible = 0;
			defaultConfigurationName = Release;
		};
/* End XCConfigurationList section */

/* Begin XCVersionGroup section */
		46757EF329DF3DA8004C9894 /* MeteoStoryboead.xcdatamodeld */ = {
			isa = XCVersionGroup;
			children = (
				46757EF429DF3DA8004C9894 /* MeteoStoryboead.xcdatamodel */,
			);
			currentVersion = 46757EF429DF3DA8004C9894 /* MeteoStoryboead.xcdatamodel */;
			path = MeteoStoryboead.xcdatamodeld;
			sourceTree = "<group>";
			versionGroupType = wrapper.xcdatamodel;
		};
/* End XCVersionGroup section */
	};
	rootObject = 46757EDF29DF3DA8004C9894 /* Project object */;
}
